
Microsoft Visual Studio Solution File, Format Version 12.00
# Visual Studio Version 17
VisualStudioVersion = 17.8.34525.116
MinimumVisualStudioVersion = 10.0.40219.1
Project("{9A19103F-16F7-4668-BE54-9A1E7A4F7556}") = "CharacterClient", "..\CharacterClient\CharacterClient.csproj", "{CDC79BFC-3CE5-4EE7-AF5B-C242A9AC8752}"
EndProject
Project("{FAE04EC0-301F-11D3-BF4B-00C04F79EFBC}") = "CharacterGeneratorService", "..\CharacterGeneratorService\CharacterGeneratorService.csproj", "{A954519B-1990-4049-A288-614A6DD348F7}"
EndProject
Global
	GlobalSection(SolutionConfigurationPlatforms) = preSolution
		Debug|Any CPU = Debug|Any CPU
		Release|Any CPU = Release|Any CPU
	EndGlobalSection
	GlobalSection(ProjectConfigurationPlatforms) = postSolution
		{CDC79BFC-3CE5-4EE7-AF5B-C242A9AC8752}.Debug|Any CPU.ActiveCfg = Debug|Any CPU
		{CDC79BFC-3CE5-4EE7-AF5B-C242A9AC8752}.Debug|Any CPU.Build.0 = Debug|Any CPU
		{CDC79BFC-3CE5-4EE7-AF5B-C242A9AC8752}.Release|Any CPU.ActiveCfg = Release|Any CPU
		{CDC79BFC-3CE5-4EE7-AF5B-C242A9AC8752}.Release|Any CPU.Build.0 = Release|Any CPU
		{A954519B-1990-4049-A288-614A6DD348F7}.Debug|Any CPU.ActiveCfg = Debug|Any CPU
		{A954519B-1990-4049-A288-614A6DD348F7}.Debug|Any CPU.Build.0 = Debug|Any CPU
		{A954519B-1990-4049-A288-614A6DD348F7}.Release|Any CPU.ActiveCfg = Release|Any CPU
		{A954519B-1990-4049-A288-614A6DD348F7}.Release|Any CPU.Build.0 = Release|Any CPU
	EndGlobalSection
	GlobalSection(SolutionProperties) = preSolution
		HideSolutionNode = FALSE
	EndGlobalSection
	GlobalSection(ExtensibilityGlobals) = postSolution
		SolutionGuid = {4F029303-DD2F-412A-8C07-034ECE0AB457}
	EndGlobalSection
EndGlobal
